
Microsoft Visual Studio Solution File, Format Version 12.00
# Visual Studio 15
VisualStudioVersion = 15.0.28307.1169
MinimumVisualStudioVersion = 10.0.40219.1
Project("{FAE04EC0-301F-11D3-BF4B-00C04F79EFBC}") = "JobBoardv3.UI.MVC", "JobBoardv3.UI.MVC\JobBoardv3.UI.MVC.csproj", "{7FBDFB06-2EA9-438C-A62D-C1D66CCF0A82}"
EndProject
Project("{FAE04EC0-301F-11D3-BF4B-00C04F79EFBC}") = "JobBoardv3.DATA.EF", "JobBoardv3.DATA.EF\JobBoardv3.DATA.EF.csproj", "{43279176-751A-498B-B706-EE211628D433}"
EndProject
Global
	GlobalSection(SolutionConfigurationPlatforms) = preSolution
		Debug|Any CPU = Debug|Any CPU
		Release|Any CPU = Release|Any CPU
	EndGlobalSection
	GlobalSection(ProjectConfigurationPlatforms) = postSolution
		{7FBDFB06-2EA9-438C-A62D-C1D66CCF0A82}.Debug|Any CPU.ActiveCfg = Debug|Any CPU
		{7FBDFB06-2EA9-438C-A62D-C1D66CCF0A82}.Debug|Any CPU.Build.0 = Debug|Any CPU
		{7FBDFB06-2EA9-438C-A62D-C1D66CCF0A82}.Release|Any CPU.ActiveCfg = Release|Any CPU
		{7FBDFB06-2EA9-438C-A62D-C1D66CCF0A82}.Release|Any CPU.Build.0 = Release|Any CPU
		{43279176-751A-498B-B706-EE211628D433}.Debug|Any CPU.ActiveCfg = Debug|Any CPU
		{43279176-751A-498B-B706-EE211628D433}.Debug|Any CPU.Build.0 = Debug|Any CPU
		{43279176-751A-498B-B706-EE211628D433}.Release|Any CPU.ActiveCfg = Release|Any CPU
		{43279176-751A-498B-B706-EE211628D433}.Release|Any CPU.Build.0 = Release|Any CPU
	EndGlobalSection
	GlobalSection(SolutionProperties) = preSolution
		HideSolutionNode = FALSE
	EndGlobalSection
	GlobalSection(ExtensibilityGlobals) = postSolution
		SolutionGuid = {05FA0039-6A16-455B-BB61-80B58353104D}
	EndGlobalSection
EndGlobal
